// !$*UTF8*$!
{
	archiveVersion = 1;
	classes = {
	};
	objectVersion = 46;
	objects = {

/* Begin PBXBuildFile section */
		961101CC19D2583500E6A6E3 /* KeychainWrapperTests.swift in Sources */ = {isa = PBXBuildFile; fileRef = 961101CB19D2583500E6A6E3 /* KeychainWrapperTests.swift */; };
		961101D119D2589000E6A6E3 /* testObject.swift in Sources */ = {isa = PBXBuildFile; fileRef = 961101D019D2589000E6A6E3 /* testObject.swift */; };
		961101D319D2589500E6A6E3 /* KeychainWrapper.swift in Sources */ = {isa = PBXBuildFile; fileRef = 961101D219D2589500E6A6E3 /* KeychainWrapper.swift */; };
		961101D519D26F2800E6A6E3 /* README.md in Sources */ = {isa = PBXBuildFile; fileRef = 961101D419D26F2800E6A6E3 /* README.md */; };
/* End PBXBuildFile section */

/* Begin PBXFileReference section */
		961101C619D2583500E6A6E3 /* KeychainWrapperTests.xctest */ = {isa = PBXFileReference; explicitFileType = wrapper.cfbundle; includeInIndex = 0; path = KeychainWrapperTests.xctest; sourceTree = BUILT_PRODUCTS_DIR; };
		961101CA19D2583500E6A6E3 /* Info.plist */ = {isa = PBXFileReference; lastKnownFileType = text.plist.xml; path = Info.plist; sourceTree = "<group>"; };
		961101CB19D2583500E6A6E3 /* KeychainWrapperTests.swift */ = {isa = PBXFileReference; lastKnownFileType = sourcecode.swift; path = KeychainWrapperTests.swift; sourceTree = "<group>"; };
		961101D019D2589000E6A6E3 /* testObject.swift */ = {isa = PBXFileReference; fileEncoding = 4; lastKnownFileType = sourcecode.swift; path = testObject.swift; sourceTree = "<group>"; };
		961101D219D2589500E6A6E3 /* KeychainWrapper.swift */ = {isa = PBXFileReference; fileEncoding = 4; lastKnownFileType = sourcecode.swift; name = KeychainWrapper.swift; path = KeychainWrapper/KeychainWrapper.swift; sourceTree = "<group>"; };
		961101D419D26F2800E6A6E3 /* README.md */ = {isa = PBXFileReference; fileEncoding = 4; lastKnownFileType = net.daringfireball.markdown; path = README.md; sourceTree = "<group>"; };
/* End PBXFileReference section */

/* Begin PBXFrameworksBuildPhase section */
		961101C319D2583500E6A6E3 /* Frameworks */ = {
			isa = PBXFrameworksBuildPhase;
			buildActionMask = 2147483647;
			files = (
			);
			runOnlyForDeploymentPostprocessing = 0;
		};
/* End PBXFrameworksBuildPhase section */

/* Begin PBXGroup section */
		961101BB19D2581700E6A6E3 = {
			isa = PBXGroup;
			children = (
				961101D419D26F2800E6A6E3 /* README.md */,
				961101D219D2589500E6A6E3 /* KeychainWrapper.swift */,
				961101C819D2583500E6A6E3 /* KeychainWrapperTests */,
				961101C719D2583500E6A6E3 /* Products */,
			);
			sourceTree = "<group>";
		};
		961101C719D2583500E6A6E3 /* Products */ = {
			isa = PBXGroup;
			children = (
				961101C619D2583500E6A6E3 /* KeychainWrapperTests.xctest */,
			);
			name = Products;
			sourceTree = "<group>";
		};
		961101C819D2583500E6A6E3 /* KeychainWrapperTests */ = {
			isa = PBXGroup;
			children = (
				961101D019D2589000E6A6E3 /* testObject.swift */,
				961101CB19D2583500E6A6E3 /* KeychainWrapperTests.swift */,
				961101C919D2583500E6A6E3 /* Supporting Files */,
			);
			path = KeychainWrapperTests;
			sourceTree = "<group>";
		};
		961101C919D2583500E6A6E3 /* Supporting Files */ = {
			isa = PBXGroup;
			children = (
				961101CA19D2583500E6A6E3 /* Info.plist */,
			);
			name = "Supporting Files";
			sourceTree = "<group>";
		};
/* End PBXGroup section */

/* Begin PBXNativeTarget section */
		961101C519D2583500E6A6E3 /* KeychainWrapperTests */ = {
			isa = PBXNativeTarget;
			buildConfigurationList = 961101CD19D2583500E6A6E3 /* Build configuration list for PBXNativeTarget "KeychainWrapperTests" */;
			buildPhases = (
				961101C219D2583500E6A6E3 /* Sources */,
				961101C319D2583500E6A6E3 /* Frameworks */,
				961101C419D2583500E6A6E3 /* Resources */,
			);
			buildRules = (
			);
			dependencies = (
			);
			name = KeychainWrapperTests;
			productName = KeychainWrapperTests;
			productReference = 961101C619D2583500E6A6E3 /* KeychainWrapperTests.xctest */;
			productType = "com.apple.product-type.bundle.unit-test";
		};
/* End PBXNativeTarget section */

/* Begin PBXProject section */
		961101BC19D2581700E6A6E3 /* Project object */ = {
			isa = PBXProject;
			attributes = {
				LastUpgradeCheck = 0600;
				TargetAttributes = {
					961101C519D2583500E6A6E3 = {
						CreatedOnToolsVersion = 6.0;
					};
				};
			};
			buildConfigurationList = 961101BF19D2581700E6A6E3 /* Build configuration list for PBXProject "KeychainWrapper" */;
			compatibilityVersion = "Xcode 3.2";
			developmentRegion = English;
			hasScannedForEncodings = 0;
			knownRegions = (
				en,
			);
			mainGroup = 961101BB19D2581700E6A6E3;
			productRefGroup = 961101C719D2583500E6A6E3 /* Products */;
			projectDirPath = "";
			projectRoot = "";
			targets = (
				961101C519D2583500E6A6E3 /* KeychainWrapperTests */,
			);
		};
/* End PBXProject section */

/* Begin PBXResourcesBuildPhase section */
		961101C419D2583500E6A6E3 /* Resources */ = {
			isa = PBXResourcesBuildPhase;
			buildActionMask = 2147483647;
			files = (
			);
			runOnlyForDeploymentPostprocessing = 0;
		};
/* End PBXResourcesBuildPhase section */

/* Begin PBXSourcesBuildPhase section */
		961101C219D2583500E6A6E3 /* Sources */ = {
			isa = PBXSourcesBuildPhase;
			buildActionMask = 2147483647;
			files = (
				961101D319D2589500E6A6E3 /* KeychainWrapper.swift in Sources */,
				961101D119D2589000E6A6E3 /* testObject.swift in Sources */,
				961101D519D26F2800E6A6E3 /* README.md in Sources */,
				961101CC19D2583500E6A6E3 /* KeychainWrapperTests.swift in Sources */,
			);
			runOnlyForDeploymentPostprocessing = 0;
		};
/* End PBXSourcesBuildPhase section */

/* Begin XCBuildConfiguration section */
		961101C019D2581700E6A6E3 /* Debug */ = {
			isa = XCBuildConfiguration;
			buildSettings = {
			};
			name = Debug;
		};
		961101C119D2581700E6A6E3 /* Release */ = {
			isa = XCBuildConfiguration;
			buildSettings = {
			};
			name = Release;
		};
		961101CE19D2583500E6A6E3 /* Debug */ = {
			isa = XCBuildConfiguration;
			buildSettings = {
				ALWAYS_SEARCH_USER_PATHS = NO;
				CLANG_CXX_LANGUAGE_STANDARD = "gnu++0x";
				CLANG_CXX_LIBRARY = "libc++";
				CLANG_ENABLE_MODULES = YES;
				CLANG_ENABLE_OBJC_ARC = YES;
				CLANG_WARN_BOOL_CONVERSION = YES;
				CLANG_WARN_CONSTANT_CONVERSION = YES;
				CLANG_WARN_DIRECT_OBJC_ISA_USAGE = YES_ERROR;
				CLANG_WARN_EMPTY_BODY = YES;
				CLANG_WARN_ENUM_CONVERSION = YES;
				CLANG_WARN_INT_CONVERSION = YES;
				CLANG_WARN_OBJC_ROOT_CLASS = YES_ERROR;
				CLANG_WARN_UNREACHABLE_CODE = YES;
				CLANG_WARN__DUPLICATE_METHOD_MATCH = YES;
				COPY_PHASE_STRIP = NO;
				ENABLE_STRICT_OBJC_MSGSEND = YES;
				FRAMEWORK_SEARCH_PATHS = (
					"$(SDKROOT)/Developer/Library/Frameworks",
					"$(inherited)",
				);
				GCC_C_LANGUAGE_STANDARD = gnu99;
				GCC_DYNAMIC_NO_PIC = NO;
				GCC_OPTIMIZATION_LEVEL = 0;
				GCC_PREPROCESSOR_DEFINITIONS = (
					"DEBUG=1",
					"$(inherited)",
				);
				GCC_SYMBOLS_PRIVATE_EXTERN = NO;
				GCC_WARN_64_TO_32_BIT_CONVERSION = YES;
				GCC_WARN_ABOUT_RETURN_TYPE = YES_ERROR;
				GCC_WARN_UNDECLARED_SELECTOR = YES;
				GCC_WARN_UNINITIALIZED_AUTOS = YES_AGGRESSIVE;
				GCC_WARN_UNUSED_FUNCTION = YES;
				GCC_WARN_UNUSED_VARIABLE = YES;
				INFOPLIST_FILE = KeychainWrapperTests/Info.plist;
				IPHONEOS_DEPLOYMENT_TARGET = 8.0;
				LD_RUNPATH_SEARCH_PATHS = "$(inherited) @executable_path/Frameworks @loader_path/Frameworks";
				MTL_ENABLE_DEBUG_INFO = YES;
				ONLY_ACTIVE_ARCH = YES;
				PRODUCT_NAME = "$(TARGET_NAME)";
				SDKROOT = iphoneos;
				SWIFT_OPTIMIZATION_LEVEL = "-Onone";
			};
			name = Debug;
		};
		961101CF19D2583500E6A6E3 /* Release */ = {
			isa = XCBuildConfiguration;
			buildSettings = {
				ALWAYS_SEARCH_USER_PATHS = NO;
				CLANG_CXX_LANGUAGE_STANDARD = "gnu++0x";
				CLANG_CXX_LIBRARY = "libc++";
				CLANG_ENABLE_MODULES = YES;
				CLANG_ENABLE_OBJC_ARC = YES;
				CLANG_WARN_BOOL_CONVERSION = YES;
				CLANG_WARN_CONSTANT_CONVERSION = YES;
				CLANG_WARN_DIRECT_OBJC_ISA_USAGE = YES_ERROR;
				CLANG_WARN_EMPTY_BODY = YES;
				CLANG_WARN_ENUM_CONVERSION = YES;
				CLANG_WARN_INT_CONVERSION = YES;
				CLANG_WARN_OBJC_ROOT_CLASS = YES_ERROR;
				CLANG_WARN_UNREACHABLE_CODE = YES;
				CLANG_WARN__DUPLICATE_METHOD_MATCH = YES;
				COPY_PHASE_STRIP = YES;
				ENABLE_NS_ASSERTIONS = NO;
				ENABLE_STRICT_OBJC_MSGSEND = YES;
				FRAMEWORK_SEARCH_PATHS = (
					"$(SDKROOT)/Developer/Library/Frameworks",
					"$(inherited)",
				);
				GCC_C_LANGUAGE_STANDARD = gnu99;
				GCC_WARN_64_TO_32_BIT_CONVERSION = YES;
				GCC_WARN_ABOUT_RETURN_TYPE = YES_ERROR;
				GCC_WARN_UNDECLARED_SELECTOR = YES;
				GCC_WARN_UNINITIALIZED_AUTOS = YES_AGGRESSIVE;
				GCC_WARN_UNUSED_FUNCTION = YES;
				GCC_WARN_UNUSED_VARIABLE = YES;
				INFOPLIST_FILE = KeychainWrapperTests/Info.plist;
				IPHONEOS_DEPLOYMENT_TARGET = 8.0;
				LD_RUNPATH_SEARCH_PATHS = "$(inherited) @executable_path/Frameworks @loader_path/Frameworks";
				MTL_ENABLE_DEBUG_INFO = NO;
				PRODUCT_NAME = "$(TARGET_NAME)";
				SDKROOT = iphoneos;
				VALIDATE_PRODUCT = YES;
			};
			name = Release;
		};
/* End XCBuildConfiguration section */

/* Begin XCConfigurationList section */
		961101BF19D2581700E6A6E3 /* Build configuration list for PBXProject "KeychainWrapper" */ = {
			isa = XCConfigurationList;
			buildConfigurations = (
				961101C019D2581700E6A6E3 /* Debug */,
				961101C119D2581700E6A6E3 /* Release */,
			);
			defaultConfigurationIsVisible = 0;
			defaultConfigurationName = Release;
		};
		961101CD19D2583500E6A6E3 /* Build configuration list for PBXNativeTarget "KeychainWrapperTests" */ = {
			isa = XCConfigurationList;
			buildConfigurations = (
				961101CE19D2583500E6A6E3 /* Debug */,
				961101CF19D2583500E6A6E3 /* Release */,
			);
			defaultConfigurationIsVisible = 0;
			defaultConfigurationName = Release;
		};
/* End XCConfigurationList section */
	};
	rootObject = 961101BC19D2581700E6A6E3 /* Project object */;
}
