PODS:
  - SwiftKeychainWrapper (1.0.7)

DEPENDENCIES:
  - SwiftKeychainWrapper (from `https://github.com/jrendel/SwiftKeychainWrapper`, branch `master`)

EXTERNAL SOURCES:
  SwiftKeychainWrapper:
    :branch: master
    :git: https://github.com/jrendel/SwiftKeychainWrapper

CHECKOUT OPTIONS:
  SwiftKeychainWrapper:
    :commit: 7d239fb6f0a9f35dd14c447d48b2396900894047
    :git: https://github.com/jrendel/SwiftKeychainWrapper

SPEC CHECKSUMS:
  SwiftKeychainWrapper: f8994d6428d473cb2de47c3e530525062c04615e

COCOAPODS: 0.36.0
